
Microsoft Visual Studio Solution File, Format Version 12.00
# Visual Studio 15
VisualStudioVersion = 15.0.27004.2002
MinimumVisualStudioVersion = 10.0.40219.1
Project("{FAE04EC0-301F-11D3-BF4B-00C04F79EFBC}") = "Vocab.Android", "Vocab\Vocab.Android\Vocab.Android.csproj", "{06B3F26D-0BF9-4A8A-B600-398750969510}"
EndProject
Project("{FAE04EC0-301F-11D3-BF4B-00C04F79EFBC}") = "Vocab", "Vocab\Vocab\Vocab.csproj", "{8C59865E-488E-4CE3-B11D-6A62CE5D7E04}"
EndProject
Project("{FAE04EC0-301F-11D3-BF4B-00C04F79EFBC}") = "Vocab.UWP", "Vocab\Vocab.UWP\Vocab.UWP.csproj", "{012E452D-9B5C-4AEE-9A8B-76E3B650A696}"
EndProject
Project("{FAE04EC0-301F-11D3-BF4B-00C04F79EFBC}") = "Vocab.iOS", "Vocab\Vocab.iOS\Vocab.iOS.csproj", "{0FBC7E3A-EEAC-4A3E-B1CE-7DB78A667F0E}"
EndProject
Global
	GlobalSection(SolutionConfigurationPlatforms) = preSolution
		Ad-Hoc|Any CPU = Ad-Hoc|Any CPU
		Ad-Hoc|ARM = Ad-Hoc|ARM
		Ad-Hoc|iPhone = Ad-Hoc|iPhone
		Ad-Hoc|iPhoneSimulator = Ad-Hoc|iPhoneSimulator
		Ad-Hoc|x64 = Ad-Hoc|x64
		Ad-Hoc|x86 = Ad-Hoc|x86
		AppStore|Any CPU = AppStore|Any CPU
		AppStore|ARM = AppStore|ARM
		AppStore|iPhone = AppStore|iPhone
		AppStore|iPhoneSimulator = AppStore|iPhoneSimulator
		AppStore|x64 = AppStore|x64
		AppStore|x86 = AppStore|x86
		Debug|Any CPU = Debug|Any CPU
		Debug|ARM = Debug|ARM
		Debug|iPhone = Debug|iPhone
		Debug|iPhoneSimulator = Debug|iPhoneSimulator
		Debug|x64 = Debug|x64
		Debug|x86 = Debug|x86
		Release|Any CPU = Release|Any CPU
		Release|ARM = Release|ARM
		Release|iPhone = Release|iPhone
		Release|iPhoneSimulator = Release|iPhoneSimulator
		Release|x64 = Release|x64
		Release|x86 = Release|x86
	EndGlobalSection
	GlobalSection(ProjectConfigurationPlatforms) = postSolution
		{06B3F26D-0BF9-4A8A-B600-398750969510}.Ad-Hoc|Any CPU.ActiveCfg = Release|Any CPU
		{06B3F26D-0BF9-4A8A-B600-398750969510}.Ad-Hoc|Any CPU.Build.0 = Release|Any CPU
		{06B3F26D-0BF9-4A8A-B600-398750969510}.Ad-Hoc|Any CPU.Deploy.0 = Release|Any CPU
		{06B3F26D-0BF9-4A8A-B600-398750969510}.Ad-Hoc|ARM.ActiveCfg = Release|Any CPU
		{06B3F26D-0BF9-4A8A-B600-398750969510}.Ad-Hoc|ARM.Build.0 = Release|Any CPU
		{06B3F26D-0BF9-4A8A-B600-398750969510}.Ad-Hoc|ARM.Deploy.0 = Release|Any CPU
		{06B3F26D-0BF9-4A8A-B600-398750969510}.Ad-Hoc|iPhone.ActiveCfg = Release|Any CPU
		{06B3F26D-0BF9-4A8A-B600-398750969510}.Ad-Hoc|iPhone.Build.0 = Release|Any CPU
		{06B3F26D-0BF9-4A8A-B600-398750969510}.Ad-Hoc|iPhone.Deploy.0 = Release|Any CPU
		{06B3F26D-0BF9-4A8A-B600-398750969510}.Ad-Hoc|iPhoneSimulator.ActiveCfg = Release|Any CPU
		{06B3F26D-0BF9-4A8A-B600-398750969510}.Ad-Hoc|iPhoneSimulator.Build.0 = Release|Any CPU
		{06B3F26D-0BF9-4A8A-B600-398750969510}.Ad-Hoc|iPhoneSimulator.Deploy.0 = Release|Any CPU
		{06B3F26D-0BF9-4A8A-B600-398750969510}.Ad-Hoc|x64.ActiveCfg = Release|Any CPU
		{06B3F26D-0BF9-4A8A-B600-398750969510}.Ad-Hoc|x64.Build.0 = Release|Any CPU
		{06B3F26D-0BF9-4A8A-B600-398750969510}.Ad-Hoc|x64.Deploy.0 = Release|Any CPU
		{06B3F26D-0BF9-4A8A-B600-398750969510}.Ad-Hoc|x86.ActiveCfg = Release|Any CPU
		{06B3F26D-0BF9-4A8A-B600-398750969510}.Ad-Hoc|x86.Build.0 = Release|Any CPU
		{06B3F26D-0BF9-4A8A-B600-398750969510}.Ad-Hoc|x86.Deploy.0 = Release|Any CPU
		{06B3F26D-0BF9-4A8A-B600-398750969510}.AppStore|Any CPU.ActiveCfg = Release|Any CPU
		{06B3F26D-0BF9-4A8A-B600-398750969510}.AppStore|Any CPU.Build.0 = Release|Any CPU
		{06B3F26D-0BF9-4A8A-B600-398750969510}.AppStore|Any CPU.Deploy.0 = Release|Any CPU
		{06B3F26D-0BF9-4A8A-B600-398750969510}.AppStore|ARM.ActiveCfg = Release|Any CPU
		{06B3F26D-0BF9-4A8A-B600-398750969510}.AppStore|ARM.Build.0 = Release|Any CPU
		{06B3F26D-0BF9-4A8A-B600-398750969510}.AppStore|ARM.Deploy.0 = Release|Any CPU
		{06B3F26D-0BF9-4A8A-B600-398750969510}.AppStore|iPhone.ActiveCfg = Release|Any CPU
		{06B3F26D-0BF9-4A8A-B600-398750969510}.AppStore|iPhone.Build.0 = Release|Any CPU
		{06B3F26D-0BF9-4A8A-B600-398750969510}.AppStore|iPhone.Deploy.0 = Release|Any CPU
		{06B3F26D-0BF9-4A8A-B600-398750969510}.AppStore|iPhoneSimulator.ActiveCfg = Release|Any CPU
		{06B3F26D-0BF9-4A8A-B600-398750969510}.AppStore|iPhoneSimulator.Build.0 = Release|Any CPU
		{06B3F26D-0BF9-4A8A-B600-398750969510}.AppStore|iPhoneSimulator.Deploy.0 = Release|Any CPU
		{06B3F26D-0BF9-4A8A-B600-398750969510}.AppStore|x64.ActiveCfg = Release|Any CPU
		{06B3F26D-0BF9-4A8A-B600-398750969510}.AppStore|x64.Build.0 = Release|Any CPU
		{06B3F26D-0BF9-4A8A-B600-398750969510}.AppStore|x64.Deploy.0 = Release|Any CPU
		{06B3F26D-0BF9-4A8A-B600-398750969510}.AppStore|x86.ActiveCfg = Release|Any CPU
		{06B3F26D-0BF9-4A8A-B600-398750969510}.AppStore|x86.Build.0 = Release|Any CPU
		{06B3F26D-0BF9-4A8A-B600-398750969510}.AppStore|x86.Deploy.0 = Release|Any CPU
		{06B3F26D-0BF9-4A8A-B600-398750969510}.Debug|Any CPU.ActiveCfg = Debug|Any CPU
		{06B3F26D-0BF9-4A8A-B600-398750969510}.Debug|Any CPU.Build.0 = Debug|Any CPU
		{06B3F26D-0BF9-4A8A-B600-398750969510}.Debug|Any CPU.Deploy.0 = Debug|Any CPU
		{06B3F26D-0BF9-4A8A-B600-398750969510}.Debug|ARM.ActiveCfg = Debug|Any CPU
		{06B3F26D-0BF9-4A8A-B600-398750969510}.Debug|ARM.Build.0 = Debug|Any CPU
		{06B3F26D-0BF9-4A8A-B600-398750969510}.Debug|ARM.Deploy.0 = Debug|Any CPU
		{06B3F26D-0BF9-4A8A-B600-398750969510}.Debug|iPhone.ActiveCfg = Debug|Any CPU
		{06B3F26D-0BF9-4A8A-B600-398750969510}.Debug|iPhone.Build.0 = Debug|Any CPU
		{06B3F26D-0BF9-4A8A-B600-398750969510}.Debug|iPhone.Deploy.0 = Debug|Any CPU
		{06B3F26D-0BF9-4A8A-B600-398750969510}.Debug|iPhoneSimulator.ActiveCfg = Debug|Any CPU
		{06B3F26D-0BF9-4A8A-B600-398750969510}.Debug|iPhoneSimulator.Build.0 = Debug|Any CPU
		{06B3F26D-0BF9-4A8A-B600-398750969510}.Debug|iPhoneSimulator.Deploy.0 = Debug|Any CPU
		{06B3F26D-0BF9-4A8A-B600-398750969510}.Debug|x64.ActiveCfg = Debug|Any CPU
		{06B3F26D-0BF9-4A8A-B600-398750969510}.Debug|x64.Build.0 = Debug|Any CPU
		{06B3F26D-0BF9-4A8A-B600-398750969510}.Debug|x64.Deploy.0 = Debug|Any CPU
		{06B3F26D-0BF9-4A8A-B600-398750969510}.Debug|x86.ActiveCfg = Debug|Any CPU
		{06B3F26D-0BF9-4A8A-B600-398750969510}.Debug|x86.Build.0 = Debug|Any CPU
		{06B3F26D-0BF9-4A8A-B600-398750969510}.Debug|x86.Deploy.0 = Debug|Any CPU
		{06B3F26D-0BF9-4A8A-B600-398750969510}.Release|Any CPU.ActiveCfg = Release|Any CPU
		{06B3F26D-0BF9-4A8A-B600-398750969510}.Release|Any CPU.Build.0 = Release|Any CPU
		{06B3F26D-0BF9-4A8A-B600-398750969510}.Release|Any CPU.Deploy.0 = Release|Any CPU
		{06B3F26D-0BF9-4A8A-B600-398750969510}.Release|ARM.ActiveCfg = Release|Any CPU
		{06B3F26D-0BF9-4A8A-B600-398750969510}.Release|ARM.Build.0 = Release|Any CPU
		{06B3F26D-0BF9-4A8A-B600-398750969510}.Release|ARM.Deploy.0 = Release|Any CPU
		{06B3F26D-0BF9-4A8A-B600-398750969510}.Release|iPhone.ActiveCfg = Release|Any CPU
		{06B3F26D-0BF9-4A8A-B600-398750969510}.Release|iPhone.Build.0 = Release|Any CPU
		{06B3F26D-0BF9-4A8A-B600-398750969510}.Release|iPhone.Deploy.0 = Release|Any CPU
		{06B3F26D-0BF9-4A8A-B600-398750969510}.Release|iPhoneSimulator.ActiveCfg = Release|Any CPU
		{06B3F26D-0BF9-4A8A-B600-398750969510}.Release|iPhoneSimulator.Build.0 = Release|Any CPU
		{06B3F26D-0BF9-4A8A-B600-398750969510}.Release|iPhoneSimulator.Deploy.0 = Release|Any CPU
		{06B3F26D-0BF9-4A8A-B600-398750969510}.Release|x64.ActiveCfg = Release|Any CPU
		{06B3F26D-0BF9-4A8A-B600-398750969510}.Release|x64.Build.0 = Release|Any CPU
		{06B3F26D-0BF9-4A8A-B600-398750969510}.Release|x64.Deploy.0 = Release|Any CPU
		{06B3F26D-0BF9-4A8A-B600-398750969510}.Release|x86.ActiveCfg = Release|Any CPU
		{06B3F26D-0BF9-4A8A-B600-398750969510}.Release|x86.Build.0 = Release|Any CPU
		{06B3F26D-0BF9-4A8A-B600-398750969510}.Release|x86.Deploy.0 = Release|Any CPU
		{8C59865E-488E-4CE3-B11D-6A62CE5D7E04}.Ad-Hoc|Any CPU.ActiveCfg = Release|Any CPU
		{8C59865E-488E-4CE3-B11D-6A62CE5D7E04}.Ad-Hoc|Any CPU.Build.0 = Release|Any CPU
		{8C59865E-488E-4CE3-B11D-6A62CE5D7E04}.Ad-Hoc|ARM.ActiveCfg = Release|Any CPU
		{8C59865E-488E-4CE3-B11D-6A62CE5D7E04}.Ad-Hoc|ARM.Build.0 = Release|Any CPU
		{8C59865E-488E-4CE3-B11D-6A62CE5D7E04}.Ad-Hoc|iPhone.ActiveCfg = Release|Any CPU
		{8C59865E-488E-4CE3-B11D-6A62CE5D7E04}.Ad-Hoc|iPhone.Build.0 = Release|Any CPU
		{8C59865E-488E-4CE3-B11D-6A62CE5D7E04}.Ad-Hoc|iPhoneSimulator.ActiveCfg = Release|Any CPU
		{8C59865E-488E-4CE3-B11D-6A62CE5D7E04}.Ad-Hoc|iPhoneSimulator.Build.0 = Release|Any CPU
		{8C59865E-488E-4CE3-B11D-6A62CE5D7E04}.Ad-Hoc|x64.ActiveCfg = Release|Any CPU
		{8C59865E-488E-4CE3-B11D-6A62CE5D7E04}.Ad-Hoc|x64.Build.0 = Release|Any CPU
		{8C59865E-488E-4CE3-B11D-6A62CE5D7E04}.Ad-Hoc|x86.ActiveCfg = Release|Any CPU
		{8C59865E-488E-4CE3-B11D-6A62CE5D7E04}.Ad-Hoc|x86.Build.0 = Release|Any CPU
		{8C59865E-488E-4CE3-B11D-6A62CE5D7E04}.AppStore|Any CPU.ActiveCfg = Release|Any CPU
		{8C59865E-488E-4CE3-B11D-6A62CE5D7E04}.AppStore|Any CPU.Build.0 = Release|Any CPU
		{8C59865E-488E-4CE3-B11D-6A62CE5D7E04}.AppStore|ARM.ActiveCfg = Release|Any CPU
		{8C59865E-488E-4CE3-B11D-6A62CE5D7E04}.AppStore|ARM.Build.0 = Release|Any CPU
		{8C59865E-488E-4CE3-B11D-6A62CE5D7E04}.AppStore|iPhone.ActiveCfg = Release|Any CPU
		{8C59865E-488E-4CE3-B11D-6A62CE5D7E04}.AppStore|iPhone.Build.0 = Release|Any CPU
		{8C59865E-488E-4CE3-B11D-6A62CE5D7E04}.AppStore|iPhoneSimulator.ActiveCfg = Release|Any CPU
		{8C59865E-488E-4CE3-B11D-6A62CE5D7E04}.AppStore|iPhoneSimulator.Build.0 = Release|Any CPU
		{8C59865E-488E-4CE3-B11D-6A62CE5D7E04}.AppStore|x64.ActiveCfg = Release|Any CPU
		{8C59865E-488E-4CE3-B11D-6A62CE5D7E04}.AppStore|x64.Build.0 = Release|Any CPU
		{8C59865E-488E-4CE3-B11D-6A62CE5D7E04}.AppStore|x86.ActiveCfg = Release|Any CPU
		{8C59865E-488E-4CE3-B11D-6A62CE5D7E04}.AppStore|x86.Build.0 = Release|Any CPU
		{8C59865E-488E-4CE3-B11D-6A62CE5D7E04}.Debug|Any CPU.ActiveCfg = Debug|Any CPU
		{8C59865E-488E-4CE3-B11D-6A62CE5D7E04}.Debug|Any CPU.Build.0 = Debug|Any CPU
		{8C59865E-488E-4CE3-B11D-6A62CE5D7E04}.Debug|ARM.ActiveCfg = Debug|Any CPU
		{8C59865E-488E-4CE3-B11D-6A62CE5D7E04}.Debug|ARM.Build.0 = Debug|Any CPU
		{8C59865E-488E-4CE3-B11D-6A62CE5D7E04}.Debug|iPhone.ActiveCfg = Debug|Any CPU
		{8C59865E-488E-4CE3-B11D-6A62CE5D7E04}.Debug|iPhone.Build.0 = Debug|Any CPU
		{8C59865E-488E-4CE3-B11D-6A62CE5D7E04}.Debug|iPhoneSimulator.ActiveCfg = Debug|Any CPU
		{8C59865E-488E-4CE3-B11D-6A62CE5D7E04}.Debug|iPhoneSimulator.Build.0 = Debug|Any CPU
		{8C59865E-488E-4CE3-B11D-6A62CE5D7E04}.Debug|x64.ActiveCfg = Debug|Any CPU
		{8C59865E-488E-4CE3-B11D-6A62CE5D7E04}.Debug|x64.Build.0 = Debug|Any CPU
		{8C59865E-488E-4CE3-B11D-6A62CE5D7E04}.Debug|x86.ActiveCfg = Debug|Any CPU
		{8C59865E-488E-4CE3-B11D-6A62CE5D7E04}.Debug|x86.Build.0 = Debug|Any CPU
		{8C59865E-488E-4CE3-B11D-6A62CE5D7E04}.Release|Any CPU.ActiveCfg = Release|Any CPU
		{8C59865E-488E-4CE3-B11D-6A62CE5D7E04}.Release|Any CPU.Build.0 = Release|Any CPU
		{8C59865E-488E-4CE3-B11D-6A62CE5D7E04}.Release|ARM.ActiveCfg = Release|Any CPU
		{8C59865E-488E-4CE3-B11D-6A62CE5D7E04}.Release|ARM.Build.0 = Release|Any CPU
		{8C59865E-488E-4CE3-B11D-6A62CE5D7E04}.Release|iPhone.ActiveCfg = Release|Any CPU
		{8C59865E-488E-4CE3-B11D-6A62CE5D7E04}.Release|iPhone.Build.0 = Release|Any CPU
		{8C59865E-488E-4CE3-B11D-6A62CE5D7E04}.Release|iPhoneSimulator.ActiveCfg = Release|Any CPU
		{8C59865E-488E-4CE3-B11D-6A62CE5D7E04}.Release|iPhoneSimulator.Build.0 = Release|Any CPU
		{8C59865E-488E-4CE3-B11D-6A62CE5D7E04}.Release|x64.ActiveCfg = Release|Any CPU
		{8C59865E-488E-4CE3-B11D-6A62CE5D7E04}.Release|x64.Build.0 = Release|Any CPU
		{8C59865E-488E-4CE3-B11D-6A62CE5D7E04}.Release|x86.ActiveCfg = Release|Any CPU
		{8C59865E-488E-4CE3-B11D-6A62CE5D7E04}.Release|x86.Build.0 = Release|Any CPU
		{012E452D-9B5C-4AEE-9A8B-76E3B650A696}.Ad-Hoc|Any CPU.ActiveCfg = Release|x86
		{012E452D-9B5C-4AEE-9A8B-76E3B650A696}.Ad-Hoc|Any CPU.Build.0 = Release|x86
		{012E452D-9B5C-4AEE-9A8B-76E3B650A696}.Ad-Hoc|Any CPU.Deploy.0 = Release|x86
		{012E452D-9B5C-4AEE-9A8B-76E3B650A696}.Ad-Hoc|ARM.ActiveCfg = Release|ARM
		{012E452D-9B5C-4AEE-9A8B-76E3B650A696}.Ad-Hoc|ARM.Build.0 = Release|ARM
		{012E452D-9B5C-4AEE-9A8B-76E3B650A696}.Ad-Hoc|ARM.Deploy.0 = Release|ARM
		{012E452D-9B5C-4AEE-9A8B-76E3B650A696}.Ad-Hoc|iPhone.ActiveCfg = Release|x86
		{012E452D-9B5C-4AEE-9A8B-76E3B650A696}.Ad-Hoc|iPhone.Build.0 = Release|x86
		{012E452D-9B5C-4AEE-9A8B-76E3B650A696}.Ad-Hoc|iPhone.Deploy.0 = Release|x86
		{012E452D-9B5C-4AEE-9A8B-76E3B650A696}.Ad-Hoc|iPhoneSimulator.ActiveCfg = Release|x86
		{012E452D-9B5C-4AEE-9A8B-76E3B650A696}.Ad-Hoc|iPhoneSimulator.Build.0 = Release|x86
		{012E452D-9B5C-4AEE-9A8B-76E3B650A696}.Ad-Hoc|iPhoneSimulator.Deploy.0 = Release|x86
		{012E452D-9B5C-4AEE-9A8B-76E3B650A696}.Ad-Hoc|x64.ActiveCfg = Release|x64
		{012E452D-9B5C-4AEE-9A8B-76E3B650A696}.Ad-Hoc|x64.Build.0 = Release|x64
		{012E452D-9B5C-4AEE-9A8B-76E3B650A696}.Ad-Hoc|x64.Deploy.0 = Release|x64
		{012E452D-9B5C-4AEE-9A8B-76E3B650A696}.Ad-Hoc|x86.ActiveCfg = Release|x86
		{012E452D-9B5C-4AEE-9A8B-76E3B650A696}.Ad-Hoc|x86.Build.0 = Release|x86
		{012E452D-9B5C-4AEE-9A8B-76E3B650A696}.Ad-Hoc|x86.Deploy.0 = Release|x86
		{012E452D-9B5C-4AEE-9A8B-76E3B650A696}.AppStore|Any CPU.ActiveCfg = Release|x86
		{012E452D-9B5C-4AEE-9A8B-76E3B650A696}.AppStore|Any CPU.Build.0 = Release|x86
		{012E452D-9B5C-4AEE-9A8B-76E3B650A696}.AppStore|Any CPU.Deploy.0 = Release|x86
		{012E452D-9B5C-4AEE-9A8B-76E3B650A696}.AppStore|ARM.ActiveCfg = Release|ARM
		{012E452D-9B5C-4AEE-9A8B-76E3B650A696}.AppStore|ARM.Build.0 = Release|ARM
		{012E452D-9B5C-4AEE-9A8B-76E3B650A696}.AppStore|ARM.Deploy.0 = Release|ARM
		{012E452D-9B5C-4AEE-9A8B-76E3B650A696}.AppStore|iPhone.ActiveCfg = Release|x86
		{012E452D-9B5C-4AEE-9A8B-76E3B650A696}.AppStore|iPhone.Build.0 = Release|x86
		{012E452D-9B5C-4AEE-9A8B-76E3B650A696}.AppStore|iPhone.Deploy.0 = Release|x86
		{012E452D-9B5C-4AEE-9A8B-76E3B650A696}.AppStore|iPhoneSimulator.ActiveCfg = Release|x86
		{012E452D-9B5C-4AEE-9A8B-76E3B650A696}.AppStore|iPhoneSimulator.Build.0 = Release|x86
		{012E452D-9B5C-4AEE-9A8B-76E3B650A696}.AppStore|iPhoneSimulator.Deploy.0 = Release|x86
		{012E452D-9B5C-4AEE-9A8B-76E3B650A696}.AppStore|x64.ActiveCfg = Release|x64
		{012E452D-9B5C-4AEE-9A8B-76E3B650A696}.AppStore|x64.Build.0 = Release|x64
		{012E452D-9B5C-4AEE-9A8B-76E3B650A696}.AppStore|x64.Deploy.0 = Release|x64
		{012E452D-9B5C-4AEE-9A8B-76E3B650A696}.AppStore|x86.ActiveCfg = Release|x86
		{012E452D-9B5C-4AEE-9A8B-76E3B650A696}.AppStore|x86.Build.0 = Release|x86
		{012E452D-9B5C-4AEE-9A8B-76E3B650A696}.AppStore|x86.Deploy.0 = Release|x86
		{012E452D-9B5C-4AEE-9A8B-76E3B650A696}.Debug|Any CPU.ActiveCfg = Debug|x86
		{012E452D-9B5C-4AEE-9A8B-76E3B650A696}.Debug|ARM.ActiveCfg = Debug|ARM
		{012E452D-9B5C-4AEE-9A8B-76E3B650A696}.Debug|ARM.Build.0 = Debug|ARM
		{012E452D-9B5C-4AEE-9A8B-76E3B650A696}.Debug|ARM.Deploy.0 = Debug|ARM
		{012E452D-9B5C-4AEE-9A8B-76E3B650A696}.Debug|iPhone.ActiveCfg = Debug|x86
		{012E452D-9B5C-4AEE-9A8B-76E3B650A696}.Debug|iPhoneSimulator.ActiveCfg = Debug|x86
		{012E452D-9B5C-4AEE-9A8B-76E3B650A696}.Debug|x64.ActiveCfg = Debug|x64
		{012E452D-9B5C-4AEE-9A8B-76E3B650A696}.Debug|x64.Build.0 = Debug|x64
		{012E452D-9B5C-4AEE-9A8B-76E3B650A696}.Debug|x64.Deploy.0 = Debug|x64
		{012E452D-9B5C-4AEE-9A8B-76E3B650A696}.Debug|x86.ActiveCfg = Debug|x86
		{012E452D-9B5C-4AEE-9A8B-76E3B650A696}.Debug|x86.Build.0 = Debug|x86
		{012E452D-9B5C-4AEE-9A8B-76E3B650A696}.Debug|x86.Deploy.0 = Debug|x86
		{012E452D-9B5C-4AEE-9A8B-76E3B650A696}.Release|Any CPU.ActiveCfg = Release|x86
		{012E452D-9B5C-4AEE-9A8B-76E3B650A696}.Release|ARM.ActiveCfg = Release|ARM
		{012E452D-9B5C-4AEE-9A8B-76E3B650A696}.Release|ARM.Build.0 = Release|ARM
		{012E452D-9B5C-4AEE-9A8B-76E3B650A696}.Release|ARM.Deploy.0 = Release|ARM
		{012E452D-9B5C-4AEE-9A8B-76E3B650A696}.Release|iPhone.ActiveCfg = Release|x86
		{012E452D-9B5C-4AEE-9A8B-76E3B650A696}.Release|iPhoneSimulator.ActiveCfg = Release|x86
		{012E452D-9B5C-4AEE-9A8B-76E3B650A696}.Release|x64.ActiveCfg = Release|x64
		{012E452D-9B5C-4AEE-9A8B-76E3B650A696}.Release|x64.Build.0 = Release|x64
		{012E452D-9B5C-4AEE-9A8B-76E3B650A696}.Release|x64.Deploy.0 = Release|x64
		{012E452D-9B5C-4AEE-9A8B-76E3B650A696}.Release|x86.ActiveCfg = Release|x86
		{012E452D-9B5C-4AEE-9A8B-76E3B650A696}.Release|x86.Build.0 = Release|x86
		{012E452D-9B5C-4AEE-9A8B-76E3B650A696}.Release|x86.Deploy.0 = Release|x86
		{0FBC7E3A-EEAC-4A3E-B1CE-7DB78A667F0E}.Ad-Hoc|Any CPU.ActiveCfg = Ad-Hoc|iPhoneSimulator
		{0FBC7E3A-EEAC-4A3E-B1CE-7DB78A667F0E}.Ad-Hoc|ARM.ActiveCfg = Ad-Hoc|iPhone
		{0FBC7E3A-EEAC-4A3E-B1CE-7DB78A667F0E}.Ad-Hoc|iPhone.ActiveCfg = Ad-Hoc|iPhone
		{0FBC7E3A-EEAC-4A3E-B1CE-7DB78A667F0E}.Ad-Hoc|iPhone.Build.0 = Ad-Hoc|iPhone
		{0FBC7E3A-EEAC-4A3E-B1CE-7DB78A667F0E}.Ad-Hoc|iPhoneSimulator.ActiveCfg = Ad-Hoc|iPhoneSimulator
		{0FBC7E3A-EEAC-4A3E-B1CE-7DB78A667F0E}.Ad-Hoc|iPhoneSimulator.Build.0 = Ad-Hoc|iPhoneSimulator
		{0FBC7E3A-EEAC-4A3E-B1CE-7DB78A667F0E}.Ad-Hoc|x64.ActiveCfg = Ad-Hoc|iPhone
		{0FBC7E3A-EEAC-4A3E-B1CE-7DB78A667F0E}.Ad-Hoc|x86.ActiveCfg = Ad-Hoc|iPhone
		{0FBC7E3A-EEAC-4A3E-B1CE-7DB78A667F0E}.AppStore|Any CPU.ActiveCfg = AppStore|iPhoneSimulator
		{0FBC7E3A-EEAC-4A3E-B1CE-7DB78A667F0E}.AppStore|ARM.ActiveCfg = AppStore|iPhone
		{0FBC7E3A-EEAC-4A3E-B1CE-7DB78A667F0E}.AppStore|iPhone.ActiveCfg = AppStore|iPhone
		{0FBC7E3A-EEAC-4A3E-B1CE-7DB78A667F0E}.AppStore|iPhone.Build.0 = AppStore|iPhone
		{0FBC7E3A-EEAC-4A3E-B1CE-7DB78A667F0E}.AppStore|iPhoneSimulator.ActiveCfg = AppStore|iPhoneSimulator
		{0FBC7E3A-EEAC-4A3E-B1CE-7DB78A667F0E}.AppStore|iPhoneSimulator.Build.0 = AppStore|iPhoneSimulator
		{0FBC7E3A-EEAC-4A3E-B1CE-7DB78A667F0E}.AppStore|x64.ActiveCfg = AppStore|iPhone
		{0FBC7E3A-EEAC-4A3E-B1CE-7DB78A667F0E}.AppStore|x86.ActiveCfg = AppStore|iPhone
		{0FBC7E3A-EEAC-4A3E-B1CE-7DB78A667F0E}.Debug|Any CPU.ActiveCfg = Debug|iPhoneSimulator
		{0FBC7E3A-EEAC-4A3E-B1CE-7DB78A667F0E}.Debug|ARM.ActiveCfg = Debug|iPhone
		{0FBC7E3A-EEAC-4A3E-B1CE-7DB78A667F0E}.Debug|iPhone.ActiveCfg = Debug|iPhone
		{0FBC7E3A-EEAC-4A3E-B1CE-7DB78A667F0E}.Debug|iPhone.Build.0 = Debug|iPhone
		{0FBC7E3A-EEAC-4A3E-B1CE-7DB78A667F0E}.Debug|iPhoneSimulator.ActiveCfg = Debug|iPhoneSimulator
		{0FBC7E3A-EEAC-4A3E-B1CE-7DB78A667F0E}.Debug|iPhoneSimulator.Build.0 = Debug|iPhoneSimulator
		{0FBC7E3A-EEAC-4A3E-B1CE-7DB78A667F0E}.Debug|x64.ActiveCfg = Debug|iPhone
		{0FBC7E3A-EEAC-4A3E-B1CE-7DB78A667F0E}.Debug|x86.ActiveCfg = Debug|iPhone
		{0FBC7E3A-EEAC-4A3E-B1CE-7DB78A667F0E}.Release|Any CPU.ActiveCfg = Release|iPhoneSimulator
		{0FBC7E3A-EEAC-4A3E-B1CE-7DB78A667F0E}.Release|ARM.ActiveCfg = Release|iPhone
		{0FBC7E3A-EEAC-4A3E-B1CE-7DB78A667F0E}.Release|iPhone.ActiveCfg = Release|iPhone
		{0FBC7E3A-EEAC-4A3E-B1CE-7DB78A667F0E}.Release|iPhone.Build.0 = Release|iPhone
		{0FBC7E3A-EEAC-4A3E-B1CE-7DB78A667F0E}.Release|iPhoneSimulator.ActiveCfg = Release|iPhoneSimulator
		{0FBC7E3A-EEAC-4A3E-B1CE-7DB78A667F0E}.Release|iPhoneSimulator.Build.0 = Release|iPhoneSimulator
		{0FBC7E3A-EEAC-4A3E-B1CE-7DB78A667F0E}.Release|x64.ActiveCfg = Release|iPhone
		{0FBC7E3A-EEAC-4A3E-B1CE-7DB78A667F0E}.Release|x86.ActiveCfg = Release|iPhone
	EndGlobalSection
	GlobalSection(SolutionProperties) = preSolution
		HideSolutionNode = FALSE
	EndGlobalSection
	GlobalSection(ExtensibilityGlobals) = postSolution
		SolutionGuid = {85AD2757-3BE9-4B51-BA34-6862FCE65813}
	EndGlobalSection
EndGlobal
